{
  "name": "node-38580",
  "lockfileVersion": 3,
  "requires": true,
  "packages": {
    "": {
      "dependencies": {
        "fs": "^0.0.2"
      }
    },
    "node_modules/fs": {
      "version": "0.0.2",
      "resolved": "https://registry.npmjs.org/fs/-/fs-0.0.2.tgz",
      "integrity": "sha512-YAiVokMCrSIFZiroB1oz51hPiPRVcUtSa4x2U5RYXyhS9VAPdiFigKbPTnOSq7XY8wd3FIVPYmXpo5lMzFmxgg=="
    }
  }
}
