{
  "name": "express-23-1",
  "version": "1.0.0",
  "lockfileVersion": 3,
  "requires": true,
  "packages": {
    "": {
      "name": "express-23-1",
      "version": "1.0.0",
      "license": "ISC",
      "dependencies": {
        "accepts": "~1.1.0",
        "buffer-crc32": "0.2.3",
        "cookie": "0.1.2",
        "cookie-signature": "1.0.5",
        "debug": "~2.0.0",
        "depd": "0.4.4",
        "escape-html": "1.0.1",
        "etag": "~1.3.0",
        "express": "4.8.8",
        "finalhandler": "0.2.0",
        "fresh": "0.2.4",
        "media-typer": "0.3.0",
        "merge-descriptors": "0.0.2",
        "methods": "1.1.0",
        "on-finished": "~2.1.0",
        "parseurl": "~1.3.0",
        "path-to-regexp": "0.1.3",
        "proxy-addr": "1.0.1",
        "qs": "2.2.3",
        "range-parser": "~1.0.2",
        "send": "0.9.1",
        "serve-static": "~1.6.1",
        "supertest": "~0.13.0",
        "type-is": "~1.5.1",
        "utils-merge": "1.0.0",
        "vary": "~1.0.0"
      }
    },
    "node_modules/accepts": {
      "version": "1.1.4",
      "resolved": "https://registry.npmjs.org/accepts/-/accepts-1.1.4.tgz",
      "integrity": "sha512-8EKM6XlFgqSpDcxkT9yxCT8nDSWEVBD0UjgUWMCWh5kH9VU+ar2MhmDDYGxohXujPU8PPz88ukpkvfXFVWygHw==",
      "dependencies": {
        "mime-types": "~2.0.4",
        "negotiator": "0.4.9"
      },
      "engines": {
        "node": ">= 0.8"
      }
    },
    "node_modules/async": {
      "version": "0.2.10",
      "resolved": "https://registry.npmjs.org/async/-/async-0.2.10.tgz",
      "integrity": "sha512-eAkdoKxU6/LkKDBzLpT+t6Ff5EtfSF4wx1WfJiPEEV7WNLnDaRXk0oVysiEPm262roaachGexwUv94WhSgN5TQ=="
    },
    "node_modules/buffer-crc32": {
      "version": "0.2.3",
      "resolved": "https://registry.npmjs.org/buffer-crc32/-/buffer-crc32-0.2.3.tgz",
      "integrity": "sha512-HLvoSqq1z8fJEcT1lUlJZ4OJaXJZ1wsWm0+fBxkz9Bdf/WphA4Da7FtGUguNNyEXL4WB0hNMTaWmdFRFPy8YOQ==",
      "engines": {
        "node": "*"
      }
    },
    "node_modules/combined-stream": {
      "version": "0.0.7",
      "resolved": "https://registry.npmjs.org/combined-stream/-/combined-stream-0.0.7.tgz",
      "integrity": "sha512-qfexlmLp9MyrkajQVyjEDb0Vj+KhRgR/rxLiVhaihlT+ZkX0lReqtH6Ack40CvMDERR4b5eFp3CreskpBs1Pig==",
      "dependencies": {
        "delayed-stream": "0.0.5"
      },
      "engines": {
        "node": ">= 0.8"
      }
    },
    "node_modules/component-emitter": {
      "version": "1.1.2",
      "resolved": "https://registry.npmjs.org/component-emitter/-/component-emitter-1.1.2.tgz",
      "integrity": "sha512-YhIbp3PJiznERfjlIkK0ue4obZxt2S60+0W8z24ZymOHT8sHloOqWOqZRU2eN5OlY8U08VFsP02letcu26FilA=="
    },
    "node_modules/cookie": {
      "version": "0.1.2",
      "resolved": "https://registry.npmjs.org/cookie/-/cookie-0.1.2.tgz",
      "integrity": "sha512-+mHmWbhevLwkiBf7QcbZXHr0v4ZQQ/OgHk3fsQHrsMMiGzuvAmU/YMUR+ZfrO/BLAGIWFfx2Z7Oyso0tZR/wiA==",
      "engines": {
        "node": "*"
      }
    },
    "node_modules/cookie-signature": {
      "version": "1.0.5",
      "resolved": "https://registry.npmjs.org/cookie-signature/-/cookie-signature-1.0.5.tgz",
      "integrity": "sha512-Ym05XFKVD+EOB43QU3ovI/KvqFo5MP4BGsH+SkAMn2mdjLj2W4bOSyNsw1Ik1gI7CyDtR9Ae2TUFHexgaiEuZg=="
    },
    "node_modules/cookiejar": {
      "version": "1.3.2",
      "resolved": "https://registry.npmjs.org/cookiejar/-/cookiejar-1.3.2.tgz",
      "integrity": "sha512-09V90V+slsORHrEyAknrkegZb/2FEVLNOShSJ7fSuKCr95WA2VfyShgOzB0kWHj+edNd69rEpOct4LeDuFIB9A=="
    },
    "node_modules/core-util-is": {
      "version": "1.0.3",
      "resolved": "https://registry.npmjs.org/core-util-is/-/core-util-is-1.0.3.tgz",
      "integrity": "sha512-ZQBvi1DcpJ4GDqanjucZ2Hj3wEO5pZDS89BWbkcrvdxksJorwUDDZamX9ldFkp9aw2lmBDLgkObEA4DWNJ9FYQ=="
    },
    "node_modules/crc": {
      "version": "3.0.0",
      "resolved": "https://registry.npmjs.org/crc/-/crc-3.0.0.tgz",
      "integrity": "sha512-+AjruG0m/tAAr6vckAT/fRlIk59IjTfdOisWu6P+Q7+BUaD1PYDeYaQKkO1hkBbv4rFDtwIZpvnbtPC/OF/W1w=="
    },
    "node_modules/debug": {
      "version": "2.0.0",
      "resolved": "https://registry.npmjs.org/debug/-/debug-2.0.0.tgz",
      "integrity": "sha512-jRxFR0Fb657ikmm6IjHY32v/Nqp9Ndcx4LBISXPfpguNaHh5JJnb+x37qalKPTu4fxMFnVBIyEGi72mmvl0BCw==",
      "dependencies": {
        "ms": "0.6.2"
      }
    },
    "node_modules/delayed-stream": {
      "version": "0.0.5",
      "resolved": "https://registry.npmjs.org/delayed-stream/-/delayed-stream-0.0.5.tgz",
      "integrity": "sha512-v+7uBd1pqe5YtgPacIIbZ8HuHeLFVNe4mUEyFDXL6KiqzEykjbw+5mXZXpGFgNVasdL4jWKgaKIXrEHiynN1LA==",
      "engines": {
        "node": ">=0.4.0"
      }
    },
    "node_modules/depd": {
      "version": "0.4.4",
      "resolved": "https://registry.npmjs.org/depd/-/depd-0.4.4.tgz",
      "integrity": "sha512-NoEUYrSLv7re4u8OtA4yp3ktNC0HaB4dDGPg89TO+suwiVYoBMG8MeSPVpq8RNX9llVyrhknE/pGccsfRMxbhA==",
      "engines": {
        "node": ">= 0.8.0"
      }
    },
    "node_modules/destroy": {
      "version": "1.0.3",
      "resolved": "https://registry.npmjs.org/destroy/-/destroy-1.0.3.tgz",
      "integrity": "sha512-KB/AVLKRwZPOEo6/lxkDJ+Bv3jFRRrhmnRMPvpWwmIfUggpzGkQBqolyo8FRf833b/F5rzmy1uVN3fHBkjTxgw=="
    },
    "node_modules/ee-first": {
      "version": "1.1.0",
      "resolved": "https://registry.npmjs.org/ee-first/-/ee-first-1.1.0.tgz",
      "integrity": "sha512-n4X/DaHVKHyDy1Rwuzm1UPjTRIBSarj1BBZ5R5HLOFLn58yhw510qoF1zk94jjkw3mXScdsmMtYCNR1jsAJlEA=="
    },
    "node_modules/escape-html": {
      "version": "1.0.1",
      "resolved": "https://registry.npmjs.org/escape-html/-/escape-html-1.0.1.tgz",
      "integrity": "sha512-z6kAnok8fqVTra7Yu77dZF2Y6ETJlxH58wN38wNyuNQLm8xXdKnfNrlSmfXsTePWP03rRVUKHubtUwanwUi7+g=="
    },
    "node_modules/etag": {
      "version": "1.3.1",
      "resolved": "https://registry.npmjs.org/etag/-/etag-1.3.1.tgz",
      "integrity": "sha512-ICSa6zJo0hne1RNfqlyIZWaF4gfpUzswBpiIT1YIc15FT/urweVAKas5/0yaV3ekgTUwqQ+ucAmskypDseDMsw==",
      "dependencies": {
        "crc": "3.0.0"
      },
      "engines": {
        "node": ">= 0.8"
      }
    },
    "node_modules/express": {
      "version": "4.8.8",
      "resolved": "https://registry.npmjs.org/express/-/express-4.8.8.tgz",
      "integrity": "sha512-kE2rT0gfYxKC+i2SQObFO9SvN2rTptYnYYPWznCXahXBcFjriwhU0OYCJr7ZcRsJuWl8ZevkCcn8ry8TRkDOoQ==",
      "dependencies": {
        "accepts": "~1.0.7",
        "buffer-crc32": "0.2.3",
        "cookie": "0.1.2",
        "cookie-signature": "1.0.4",
        "debug": "1.0.4",
        "depd": "0.4.4",
        "escape-html": "1.0.1",
        "finalhandler": "0.1.0",
        "fresh": "0.2.2",
        "media-typer": "0.2.0",
        "merge-descriptors": "0.0.2",
        "methods": "1.1.0",
        "parseurl": "~1.3.0",
        "path-to-regexp": "0.1.3",
        "proxy-addr": "1.0.1",
        "qs": "2.2.2",
        "range-parser": "1.0.0",
        "send": "0.8.5",
        "serve-static": "~1.5.4",
        "type-is": "~1.3.2",
        "utils-merge": "1.0.0",
        "vary": "0.1.0"
      },
      "engines": {
        "node": ">= 0.10.0"
      }
    },
    "node_modules/express/node_modules/accepts": {
      "version": "1.0.7",
      "resolved": "https://registry.npmjs.org/accepts/-/accepts-1.0.7.tgz",
      "integrity": "sha512-iq8ew2zitUlNcUca0wye3fYwQ6sSPItDo38oC0R+XA5KTzeXRN+GF7NjOXs3dVItj4J+gQVdpq4/qbnMb1hMHw==",
      "dependencies": {
        "mime-types": "~1.0.0",
        "negotiator": "0.4.7"
      },
      "engines": {
        "node": ">= 0.8.0"
      }
    },
    "node_modules/express/node_modules/cookie-signature": {
      "version": "1.0.4",
      "resolved": "https://registry.npmjs.org/cookie-signature/-/cookie-signature-1.0.4.tgz",
      "integrity": "sha512-k+lrG38ZC/S7zN6l1/HcF6xF4jMwkIUjnr5afDU7tzFxIfDmKzdqJdXo8HNYaXOuBJ3tPKxSiwCOTA0b3qQfaA=="
    },
    "node_modules/express/node_modules/debug": {
      "version": "1.0.4",
      "resolved": "https://registry.npmjs.org/debug/-/debug-1.0.4.tgz",
      "integrity": "sha512-plA8d2GHafT7kXzMDs5r7NSfYP7IKHdO8rZPVAqI33Eum7Vq/Ef/ETXm6NncF/RMif4fzI0RetSArZ6PMIxP0g==",
      "dependencies": {
        "ms": "0.6.2"
      }
    },
    "node_modules/express/node_modules/ee-first": {
      "version": "1.0.5",
      "resolved": "https://registry.npmjs.org/ee-first/-/ee-first-1.0.5.tgz",
      "integrity": "sha512-+FCut34oNiJD2jD+YL/onRxOHF5ut3xOGgTIyEIOdYfun8AexYhEyurzv9izwhTft1Z7pdy4VlTq51K/sIsQRA=="
    },
    "node_modules/express/node_modules/finalhandler": {
      "version": "0.1.0",
      "resolved": "https://registry.npmjs.org/finalhandler/-/finalhandler-0.1.0.tgz",
      "integrity": "sha512-VxIedmyMyIZh8ol/AeWrgVwzDqYVO5wqOcXNuQC0olCvWDgvN7+QyVKHWoZyplbZ82j5p7BynpekYybNSmTjww==",
      "dependencies": {
        "debug": "1.0.4",
        "escape-html": "1.0.1"
      },
      "engines": {
        "node": ">= 0.8.0"
      }
    },
    "node_modules/express/node_modules/fresh": {
      "version": "0.2.2",
      "resolved": "https://registry.npmjs.org/fresh/-/fresh-0.2.2.tgz",
      "integrity": "sha512-ZGGi8GROK//ijm2gB33sUuN9TjN1tC/dvG4Bt4j6IWrVGpMmudUBCxx+Ir7qePsdREfkpQC4FL8W0jeSOsgv1w=="
    },
    "node_modules/express/node_modules/media-typer": {
      "version": "0.2.0",
      "resolved": "https://registry.npmjs.org/media-typer/-/media-typer-0.2.0.tgz",
      "integrity": "sha512-TSggxYk75oP4tae7JkT8InpcFGUP4340zg1dOWjcu9qcphaDKtXEuNUv3OD4vJ+gVTvIDK797W0uYeNm8qqsDg==",
      "engines": {
        "node": ">= 0.8.0"
      }
    },
    "node_modules/express/node_modules/mime-types": {
      "version": "1.0.2",
      "resolved": "https://registry.npmjs.org/mime-types/-/mime-types-1.0.2.tgz",
      "integrity": "sha512-echfutj/t5SoTL4WZpqjA1DCud1XO0WQF3/GJ48YBmc4ZMhCK77QA6Z/w6VTQERLKuJ4drze3kw2TUT8xZXVNw==",
      "engines": {
        "node": ">= 0.8.0"
      }
    },
    "node_modules/express/node_modules/negotiator": {
      "version": "0.4.7",
      "resolved": "https://registry.npmjs.org/negotiator/-/negotiator-0.4.7.tgz",
      "integrity": "sha512-ujxWwyRfZ6udAgHGECQC3JDO9e6UAsuItfUMcqA0Xf2OLNQTveFVFx+fHGIJ5p0MJaJrZyGQqPwzuN0NxJzEKA==",
      "engines": {
        "node": "*"
      }
    },
    "node_modules/express/node_modules/on-finished": {
      "version": "2.1.0",
      "resolved": "https://registry.npmjs.org/on-finished/-/on-finished-2.1.0.tgz",
      "integrity": "sha512-33+g6TZkplndl+2k2VNO1YphX5hm79DGhBP6TJcDI9o1sCFbUvO2bgxPdGanIFqZK4su6OVLwPHY9GkLQrojgA==",
      "dependencies": {
        "ee-first": "1.0.5"
      }
    },
    "node_modules/express/node_modules/qs": {
      "version": "2.2.2",
      "resolved": "https://registry.npmjs.org/qs/-/qs-2.2.2.tgz",
      "integrity": "sha512-i0PpYJWWhn7DevbolgusRac1ijaEG/jrigNv+WHbTKYWtTqAc/D+6qwAdZ24kZ4ZH3V5hKiqy15ldAplk4V0TQ=="
    },
    "node_modules/express/node_modules/range-parser": {
      "version": "1.0.0",
      "resolved": "https://registry.npmjs.org/range-parser/-/range-parser-1.0.0.tgz",
      "integrity": "sha512-wOH5LIH2ZHo0P7/bwkR+aNbJ+kv3CHVX4B8qs9GqbtY29fi1bGPV5xczrutN20G+Z4XhRqRMTW3q0S4iyJJPfw=="
    },
    "node_modules/express/node_modules/send": {
      "version": "0.8.5",
      "resolved": "https://registry.npmjs.org/send/-/send-0.8.5.tgz",
      "integrity": "sha512-U6FiwCZ1ZCtLqLj2vgEX+3CljIDAzrkCSsbwdS+VKWxYR9/5Rk7GR+Rg79np/CsvElh8u7q3YmJu6PLGdDJqgw==",
      "dependencies": {
        "debug": "1.0.4",
        "depd": "0.4.4",
        "destroy": "1.0.3",
        "escape-html": "1.0.1",
        "fresh": "0.2.2",
        "mime": "1.2.11",
        "ms": "0.6.2",
        "on-finished": "2.1.0",
        "range-parser": "~1.0.0"
      },
      "engines": {
        "node": ">= 0.8.0"
      }
    },
    "node_modules/express/node_modules/serve-static": {
      "version": "1.5.4",
      "resolved": "https://registry.npmjs.org/serve-static/-/serve-static-1.5.4.tgz",
      "integrity": "sha512-6dxbEeZO39/rL80vlKRi6OatwVN+f2cAou95AVKOQbMKuZ9ln2rDMjjRQN6tu7u9daaaDsU1+hL4NW7zrSMzZA==",
      "dependencies": {
        "escape-html": "1.0.1",
        "parseurl": "~1.3.0",
        "send": "0.8.5",
        "utils-merge": "1.0.0"
      },
      "engines": {
        "node": ">= 0.8.0"
      }
    },
    "node_modules/express/node_modules/type-is": {
      "version": "1.3.2",
      "resolved": "https://registry.npmjs.org/type-is/-/type-is-1.3.2.tgz",
      "integrity": "sha512-sdIhnvhWEyIP2DKjj1o9tL31m8vFxDfLPD56KXz2absqY5AF2QYkJC7Wrw2fkzsZA9mv+PCtgyB7EqYOgR+r3Q==",
      "dependencies": {
        "media-typer": "0.2.0",
        "mime-types": "~1.0.1"
      },
      "engines": {
        "node": ">= 0.8"
      }
    },
    "node_modules/express/node_modules/vary": {
      "version": "0.1.0",
      "resolved": "https://registry.npmjs.org/vary/-/vary-0.1.0.tgz",
      "integrity": "sha512-tyyeG46NQdwyVP/RsWLSrT78ouwEuvwk9gK8vQK4jdXmqoXtTXW+vsCfNcnqRhigF8olV34QVZarmAi6wBV2Mw==",
      "engines": {
        "node": ">= 0.8.0"
      }
    },
    "node_modules/extend": {
      "version": "1.2.1",
      "resolved": "https://registry.npmjs.org/extend/-/extend-1.2.1.tgz",
      "integrity": "sha512-2/JwIYRpMBDSjbQjUUppNSrmc719crhFaWIdT+TRSVA8gE+6HEobQWqJ6VkPt/H8twS7h/0WWs7veh8wmp98Ng=="
    },
    "node_modules/finalhandler": {
      "version": "0.2.0",
      "resolved": "https://registry.npmjs.org/finalhandler/-/finalhandler-0.2.0.tgz",
      "integrity": "sha512-+8V22UTsucJNTi5IcGzTzdYwtESxkyEJ/ipGSVzbGvbqSmmjnNGvrzm/8Uu1FqJT6d6DgXkuzgfefkE2Fl7Hnw==",
      "dependencies": {
        "debug": "~2.0.0",
        "escape-html": "1.0.1"
      },
      "engines": {
        "node": ">= 0.8.0"
      }
    },
    "node_modules/form-data": {
      "version": "0.1.2",
      "resolved": "https://registry.npmjs.org/form-data/-/form-data-0.1.2.tgz",
      "integrity": "sha512-ynryYjLcBdZ6Iujum9BMhIRq84ViJBe85+gr5nL+gvRGU4Skti1fUwvggb0pdanQB+ji9IsLGimXUbJq22fuiA==",
      "dependencies": {
        "async": "~0.2.9",
        "combined-stream": "~0.0.4",
        "mime": "~1.2.11"
      },
      "engines": {
        "node": ">= 0.6"
      }
    },
    "node_modules/formidable": {
      "version": "1.0.14",
      "resolved": "https://registry.npmjs.org/formidable/-/formidable-1.0.14.tgz",
      "integrity": "sha512-aOskFHEfYwkSKSzGui5jhQ+uyLo2NTwpzhndggz2YZHlv0HkAi+zG5ZEBCL3GTvqLyr/FzX9Mvx9DueCmu2HzQ==",
      "deprecated": "Please upgrade to latest, formidable@v2 or formidable@v3! Check these notes: https://bit.ly/2ZEqIau",
      "engines": {
        "node": ">=0.8.0"
      }
    },
    "node_modules/fresh": {
      "version": "0.2.4",
      "resolved": "https://registry.npmjs.org/fresh/-/fresh-0.2.4.tgz",
      "integrity": "sha512-mnBGgIFRNu54GtbkXy6+QKPYW/b5joAURorA8ELeJc/5BBNph6Go1NmHa9dt08ghFnhGuLenrUmNO8Za1CwEUQ==",
      "engines": {
        "node": ">= 0.6"
      }
    },
    "node_modules/inherits": {
      "version": "2.0.4",
      "resolved": "https://registry.npmjs.org/inherits/-/inherits-2.0.4.tgz",
      "integrity": "sha512-k/vGaX4/Yla3WzyMCvTQOXYeIHvqOKtnqBduzTHpzpQZzAskKMhZ2K+EnBiSM9zGSoIFeMpXKxa4dYeZIQqewQ=="
    },
    "node_modules/ipaddr.js": {
      "version": "0.1.2",
      "resolved": "https://registry.npmjs.org/ipaddr.js/-/ipaddr.js-0.1.2.tgz",
      "integrity": "sha512-MGrEjHz4Hk5UVpJXZQ2tHB+bp6xgdRKCAEWdrgFsoAmXCgKAPtj8LqMxgvlWEAj9aN+PpTcvE051uZU3K3kLSQ==",
      "engines": {
        "node": ">= 0.2.5"
      }
    },
    "node_modules/isarray": {
      "version": "0.0.1",
      "resolved": "https://registry.npmjs.org/isarray/-/isarray-0.0.1.tgz",
      "integrity": "sha512-D2S+3GLxWH+uhrNEcoh/fnmYeP8E8/zHl644d/jdA0g2uyXvy3sb0qxotE+ne0LtccHknQzWwZEzhak7oJ0COQ=="
    },
    "node_modules/media-typer": {
      "version": "0.3.0",
      "resolved": "https://registry.npmjs.org/media-typer/-/media-typer-0.3.0.tgz",
      "integrity": "sha512-dq+qelQ9akHpcOl/gUVRTxVIOkAJ1wR3QAvb4RsVjS8oVoFjDGTc679wJYmUmknUF5HwMLOgb5O+a3KxfWapPQ==",
      "engines": {
        "node": ">= 0.6"
      }
    },
    "node_modules/merge-descriptors": {
      "version": "0.0.2",
      "resolved": "https://registry.npmjs.org/merge-descriptors/-/merge-descriptors-0.0.2.tgz",
      "integrity": "sha512-dYBT4Ep+t/qnPeJcnMymmhTdd4g8/hn48ciaDqLAkfRf8abzLPS6Rb6EBdz5CZCL8tzZuI5ps9MhGQGxk+EuKg=="
    },
    "node_modules/methods": {
      "version": "1.1.0",
      "resolved": "https://registry.npmjs.org/methods/-/methods-1.1.0.tgz",
      "integrity": "sha512-Th88HxNePtsAmz0WjEhVVyRGv9AQFLv4z6zOj4Dt15PjsKLWB8JXSmxzP+Q27139+AXao0AlCWvonFuJhu4GuA=="
    },
    "node_modules/mime": {
      "version": "1.2.11",
      "resolved": "https://registry.npmjs.org/mime/-/mime-1.2.11.tgz",
      "integrity": "sha512-Ysa2F/nqTNGHhhm9MV8ure4+Hc+Y8AWiqUdHxsO7xu8zc92ND9f3kpALHjaP026Ft17UfxrMt95c50PLUeynBw=="
    },
    "node_modules/mime-db": {
      "version": "1.12.0",
      "resolved": "https://registry.npmjs.org/mime-db/-/mime-db-1.12.0.tgz",
      "integrity": "sha512-5aMAW7I4jZoZB27fXRuekqc4DVvJ7+hM8UcWrNj2mqibE54gXgPSonBYBdQW5hyaVNGmiYjY0ZMqn9fBefWYvA==",
      "engines": {
        "node": ">= 0.6"
      }
    },
    "node_modules/mime-types": {
      "version": "2.0.14",
      "resolved": "https://registry.npmjs.org/mime-types/-/mime-types-2.0.14.tgz",
      "integrity": "sha512-2ZHUEstNkIf2oTWgtODr6X0Cc4Ns/RN/hktdozndiEhhAC2wxXejF1FH0XLHTEImE9h6gr/tcnr3YOnSGsxc7Q==",
      "dependencies": {
        "mime-db": "~1.12.0"
      },
      "engines": {
        "node": ">= 0.6"
      }
    },
    "node_modules/ms": {
      "version": "0.6.2",
      "resolved": "https://registry.npmjs.org/ms/-/ms-0.6.2.tgz",
      "integrity": "sha512-/pc3eh7TWorTtbvXg8je4GvrvEqCfH7PA3P7iW01yL2E53FKixzgMBaQi0NOPbMJqY34cBSvR0tZtmlTkdUG4A=="
    },
    "node_modules/negotiator": {
      "version": "0.4.9",
      "resolved": "https://registry.npmjs.org/negotiator/-/negotiator-0.4.9.tgz",
      "integrity": "sha512-fvi5GQce2TGDzanaTxNY3bboxjdce18sqwNylY439wkEkiJIyTMhGFMdlPCvDsIPa9IKIfhKwCMWEQ9YpZgb1Q==",
      "engines": {
        "node": ">= 0.6"
      }
    },
    "node_modules/on-finished": {
      "version": "2.1.1",
      "resolved": "https://registry.npmjs.org/on-finished/-/on-finished-2.1.1.tgz",
      "integrity": "sha512-3ljOi5Zrf46pSbY/39CaJulZQN9XRfmeWqXkeWddhhKD7B4n7nOTisLdaZmAXI1P3A57peTj4pHokMY8X7ICCA==",
      "dependencies": {
        "ee-first": "1.1.0"
      },
      "engines": {
        "node": ">= 0.8"
      }
    },
    "node_modules/parseurl": {
      "version": "1.3.3",
      "resolved": "https://registry.npmjs.org/parseurl/-/parseurl-1.3.3.tgz",
      "integrity": "sha512-CiyeOxFT/JZyN5m0z9PfXw4SCBJ6Sygz1Dpl0wqjlhDEGGBP1GnsUVEL0p63hoG1fcj3fHynXi9NYO4nWOL+qQ==",
      "engines": {
        "node": ">= 0.8"
      }
    },
    "node_modules/path-to-regexp": {
      "version": "0.1.3",
      "resolved": "https://registry.npmjs.org/path-to-regexp/-/path-to-regexp-0.1.3.tgz",
      "integrity": "sha512-sd4vSOW+DCM6A5aRICI1CWaC7nufnzVpZfuh5T0VXshxxzFWuaFcvqKovAFLNGReOc+uZRptpcpPmn7CDvzLuA=="
    },
    "node_modules/proxy-addr": {
      "version": "1.0.1",
      "resolved": "https://registry.npmjs.org/proxy-addr/-/proxy-addr-1.0.1.tgz",
      "integrity": "sha512-rIUGzBlSfkJMWWCgsd4N5wvVSNAcJZg//UwPZumDIbScHRUzuSOjBmIdyICiKkB9yArv+er9qC6RA/NL3AWc6A==",
      "dependencies": {
        "ipaddr.js": "0.1.2"
      },
      "engines": {
        "node": ">= 0.8.0"
      }
    },
    "node_modules/qs": {
      "version": "2.2.3",
      "resolved": "https://registry.npmjs.org/qs/-/qs-2.2.3.tgz",
      "integrity": "sha512-fn1t1odvsfyCctjhKcMagUJ1LtfvS41///9GOaLBXiUHGsCWWEVFLVCGz9O0UnSn/JcXzCkynaQ22EEwoaDePQ=="
    },
    "node_modules/range-parser": {
      "version": "1.0.3",
      "resolved": "https://registry.npmjs.org/range-parser/-/range-parser-1.0.3.tgz",
      "integrity": "sha512-nDsRrtIxVUO5opg/A8T2S3ebULVIfuh8ECbh4w3N4mWxIiT3QILDJDUQayPqm2e8Q8NUa0RSUkGCfe33AfjR3Q==",
      "engines": {
        "node": ">= 0.6"
      }
    },
    "node_modules/readable-stream": {
      "version": "1.0.27-1",
      "resolved": "https://registry.npmjs.org/readable-stream/-/readable-stream-1.0.27-1.tgz",
      "integrity": "sha512-uQE31HGhpMrqZwtDjRliOs2aC3XBi+DdkhLs+Xa0dvVD5eDiZr3+k8rKVZcyTzxosgtMw7B/twQsK3P1KTZeVg==",
      "dependencies": {
        "core-util-is": "~1.0.0",
        "inherits": "~2.0.1",
        "isarray": "0.0.1",
        "string_decoder": "~0.10.x"
      }
    },
    "node_modules/reduce-component": {
      "version": "1.0.1",
      "resolved": "https://registry.npmjs.org/reduce-component/-/reduce-component-1.0.1.tgz",
      "integrity": "sha512-y0wyCcdQul3hI3xHfIs0vg/jSbboQc/YTOAqaxjFG7At+XSexduuOqBVL9SmOLSwa/ldkbzVzdwuk9s2EKTAZg=="
    },
    "node_modules/send": {
      "version": "0.9.1",
      "resolved": "https://registry.npmjs.org/send/-/send-0.9.1.tgz",
      "integrity": "sha512-MjQa+SIsbWpY5rKYov3fY0lkRyCZGp06H3tZNXTbMVt5OQtmF9eGUwWiY12iDqD6Sz2JdeA1XsdjWosaeI0FnQ==",
      "dependencies": {
        "debug": "~2.0.0",
        "depd": "0.4.4",
        "destroy": "1.0.3",
        "escape-html": "1.0.1",
        "etag": "~1.3.0",
        "fresh": "0.2.4",
        "mime": "1.2.11",
        "ms": "0.6.2",
        "on-finished": "2.1.0",
        "range-parser": "~1.0.0"
      },
      "engines": {
        "node": ">= 0.8.0"
      }
    },
    "node_modules/send/node_modules/ee-first": {
      "version": "1.0.5",
      "resolved": "https://registry.npmjs.org/ee-first/-/ee-first-1.0.5.tgz",
      "integrity": "sha512-+FCut34oNiJD2jD+YL/onRxOHF5ut3xOGgTIyEIOdYfun8AexYhEyurzv9izwhTft1Z7pdy4VlTq51K/sIsQRA=="
    },
    "node_modules/send/node_modules/on-finished": {
      "version": "2.1.0",
      "resolved": "https://registry.npmjs.org/on-finished/-/on-finished-2.1.0.tgz",
      "integrity": "sha512-33+g6TZkplndl+2k2VNO1YphX5hm79DGhBP6TJcDI9o1sCFbUvO2bgxPdGanIFqZK4su6OVLwPHY9GkLQrojgA==",
      "dependencies": {
        "ee-first": "1.0.5"
      }
    },
    "node_modules/serve-static": {
      "version": "1.6.5",
      "resolved": "https://registry.npmjs.org/serve-static/-/serve-static-1.6.5.tgz",
      "integrity": "sha512-3G68ufF2viLyU6obD2dBivUFwkQdQdYVA1Luj/1UTAZOUcaMZzWsmg5y3jgVErY+/QzodH2h7B2+d6SFGMX4Ig==",
      "dependencies": {
        "escape-html": "1.0.1",
        "parseurl": "~1.3.0",
        "send": "0.9.3",
        "utils-merge": "1.0.0"
      },
      "engines": {
        "node": ">= 0.8.0"
      }
    },
    "node_modules/serve-static/node_modules/depd": {
      "version": "0.4.5",
      "resolved": "https://registry.npmjs.org/depd/-/depd-0.4.5.tgz",
      "integrity": "sha512-MyQx8POntp7sey9ghPezYB5gIKSbcce5pkoHdFmDYkiOcsE5f5yLLBzv8Qcs9Ll1hPgmEOfIae51n4Fa7l3zxw==",
      "engines": {
        "node": ">= 0.6"
      }
    },
    "node_modules/serve-static/node_modules/ee-first": {
      "version": "1.0.5",
      "resolved": "https://registry.npmjs.org/ee-first/-/ee-first-1.0.5.tgz",
      "integrity": "sha512-+FCut34oNiJD2jD+YL/onRxOHF5ut3xOGgTIyEIOdYfun8AexYhEyurzv9izwhTft1Z7pdy4VlTq51K/sIsQRA=="
    },
    "node_modules/serve-static/node_modules/etag": {
      "version": "1.4.0",
      "resolved": "https://registry.npmjs.org/etag/-/etag-1.4.0.tgz",
      "integrity": "sha512-IGmspHfAV6opq/T6Z4MU8mRgOMdiLQ+c1wj9vshUrY3sol2PNtPZXbj8BYt59QVxJ/NrJ0KiFuLnVJOJfqsjXQ==",
      "dependencies": {
        "crc": "3.0.0"
      },
      "engines": {
        "node": ">= 0.6"
      }
    },
    "node_modules/serve-static/node_modules/on-finished": {
      "version": "2.1.0",
      "resolved": "https://registry.npmjs.org/on-finished/-/on-finished-2.1.0.tgz",
      "integrity": "sha512-33+g6TZkplndl+2k2VNO1YphX5hm79DGhBP6TJcDI9o1sCFbUvO2bgxPdGanIFqZK4su6OVLwPHY9GkLQrojgA==",
      "dependencies": {
        "ee-first": "1.0.5"
      }
    },
    "node_modules/serve-static/node_modules/send": {
      "version": "0.9.3",
      "resolved": "https://registry.npmjs.org/send/-/send-0.9.3.tgz",
      "integrity": "sha512-XT6wlKiDYip1xFylnX4y3cDej4RmDk/DuOCEhzXd4Lprb1DVMTU9o0N739te05nVwJ51IughQGWMsISrAm6GSg==",
      "dependencies": {
        "debug": "~2.0.0",
        "depd": "0.4.5",
        "destroy": "1.0.3",
        "escape-html": "1.0.1",
        "etag": "~1.4.0",
        "fresh": "0.2.4",
        "mime": "1.2.11",
        "ms": "0.6.2",
        "on-finished": "2.1.0",
        "range-parser": "~1.0.2"
      },
      "engines": {
        "node": ">= 0.8.0"
      }
    },
    "node_modules/string_decoder": {
      "version": "0.10.31",
      "resolved": "https://registry.npmjs.org/string_decoder/-/string_decoder-0.10.31.tgz",
      "integrity": "sha512-ev2QzSzWPYmy9GuqfIVildA4OdcGLeFZQrq5ys6RtiuF+RQQiZWr8TZNyAcuVXyQRYfEO+MsoB/1BuQVhOJuoQ=="
    },
    "node_modules/superagent": {
      "version": "0.18.0",
      "resolved": "https://registry.npmjs.org/superagent/-/superagent-0.18.0.tgz",
      "integrity": "sha512-k/FmnnRwRvqJY7QfF6PNkZMQv7lWPFTRmOdZTlO7amtRPzTkVzvMggEaipgLUCrGRZip1i0hwwCvOQbyzRPx1w==",
      "deprecated": "Please upgrade to v7.0.2+ of superagent.  We have fixed numerous issues with streams, form-data, attach(), filesystem errors not bubbling up (ENOENT on attach()), and all tests are now passing.  See the releases tab for more information at <https://github.com/visionmedia/superagent/releases>.",
      "dependencies": {
        "component-emitter": "1.1.2",
        "cookiejar": "1.3.2",
        "debug": "~0.7.2",
        "extend": "~1.2.1",
        "form-data": "0.1.2",
        "formidable": "1.0.14",
        "methods": "0.0.1",
        "mime": "1.2.5",
        "qs": "0.6.6",
        "readable-stream": "1.0.27-1",
        "reduce-component": "1.0.1"
      },
      "engines": {
        "node": "*"
      }
    },
    "node_modules/superagent/node_modules/debug": {
      "version": "0.7.4",
      "resolved": "https://registry.npmjs.org/debug/-/debug-0.7.4.tgz",
      "integrity": "sha512-EohAb3+DSHSGx8carOSKJe8G0ayV5/i609OD0J2orCkuyae7SyZSz2aoLmQF2s0Pj5gITDebwPH7GFBlqOUQ1Q==",
      "engines": {
        "node": "*"
      }
    },
    "node_modules/superagent/node_modules/methods": {
      "version": "0.0.1",
      "resolved": "https://registry.npmjs.org/methods/-/methods-0.0.1.tgz",
      "integrity": "sha512-pB8oFfci/xcfUgM6DTxc7lbTKifPPgs3mZUOsEgaH+1TTWpmcmv3sHl+5sUHIj2X2W8aPYa2+nJealRHK+Lo6A=="
    },
    "node_modules/superagent/node_modules/mime": {
      "version": "1.2.5",
      "resolved": "https://registry.npmjs.org/mime/-/mime-1.2.5.tgz",
      "integrity": "sha512-QfwTOA+zRHSZXxl9Y7ue5ifKDhU1prnh0dO67Vgcl7Lcx0+79vL9A1ln0qtVur8CFSdYq5Zhnw9DDZQgwDh8Ng==",
      "engines": {
        "node": "*"
      }
    },
    "node_modules/superagent/node_modules/qs": {
      "version": "0.6.6",
      "resolved": "https://registry.npmjs.org/qs/-/qs-0.6.6.tgz",
      "integrity": "sha512-kN+yNdAf29Jgp+AYHUmC7X4QdJPR8czuMWLNLc0aRxkQ7tB3vJQEONKKT9ou/rW7EbqVec11srC9q9BiVbcnHA==",
      "engines": {
        "node": "*"
      }
    },
    "node_modules/supertest": {
      "version": "0.13.0",
      "resolved": "https://registry.npmjs.org/supertest/-/supertest-0.13.0.tgz",
      "integrity": "sha512-93A2mDSb+6nK6OfGd+g+KajO+Xf7uHiMu92lYQGzs6y56Q4D+72xRGyb6fL0qp4/zvQHHt4kxQHJ5HtFsrRGZA==",
      "dependencies": {
        "methods": "1.0.0",
        "superagent": "0.18.0"
      }
    },
    "node_modules/supertest/node_modules/methods": {
      "version": "1.0.0",
      "resolved": "https://registry.npmjs.org/methods/-/methods-1.0.0.tgz",
      "integrity": "sha512-rr3+O8WLgLeqV0mAowDraG0fOaWNwZmZjm4B0d8lSyyqS5di8E7dm/Ec/a1FVkHPMyRqN2PQNSNEk9cd7zXePg=="
    },
    "node_modules/type-is": {
      "version": "1.5.7",
      "resolved": "https://registry.npmjs.org/type-is/-/type-is-1.5.7.tgz",
      "integrity": "sha512-of68V0oUmVH4thGc1cLR3sKdICPsaL7kzpYc7FX1pcagY4eIllhyMqQcoOq289f+xj2orm8oPWwsCwxiCgVJbQ==",
      "dependencies": {
        "media-typer": "0.3.0",
        "mime-types": "~2.0.9"
      },
      "engines": {
        "node": ">= 0.6"
      }
    },
    "node_modules/utils-merge": {
      "version": "1.0.0",
      "resolved": "https://registry.npmjs.org/utils-merge/-/utils-merge-1.0.0.tgz",
      "integrity": "sha512-HwU9SLQEtyo+0uoKXd1nkLqigUWLB+QuNQR4OcmB73eWqksM5ovuqcycks2x043W8XVb75rG1HQ0h93TMXkzQQ==",
      "engines": {
        "node": ">= 0.4.0"
      }
    },
    "node_modules/vary": {
      "version": "1.0.1",
      "resolved": "https://registry.npmjs.org/vary/-/vary-1.0.1.tgz",
      "integrity": "sha512-yNsH+tC0r8quK2tg/yqkXqqaYzeKTkSqQ+8T6xCoWgOi/bU/omMYz+6k+I91JJJDeltJzI7oridTOq6OYkY0Tw==",
      "engines": {
        "node": ">= 0.8"
      }
    }
  }
}
